
Microsoft Visual Studio Solution File, Format Version 12.00
# Visual Studio Version 17
VisualStudioVersion = 17.11.35312.102
MinimumVisualStudioVersion = 10.0.40219.1
Project("{FAE04EC0-301F-11D3-BF4B-00C04F79EFBC}") = "TaskTracker", "TaskTracker.csproj", "{F6E94F9A-2FCC-4D60-83C7-D3341A7088D6}"
EndProject
Global
	GlobalSection(SolutionConfigurationPlatforms) = preSolution
		Debug|Any CPU = Debug|Any CPU
		Release|Any CPU = Release|Any CPU
	EndGlobalSection
	GlobalSection(ProjectConfigurationPlatforms) = postSolution
		{F6E94F9A-2FCC-4D60-83C7-D3341A7088D6}.Debug|Any CPU.ActiveCfg = Debug|Any CPU
		{F6E94F9A-2FCC-4D60-83C7-D3341A7088D6}.Debug|Any CPU.Build.0 = Debug|Any CPU
		{F6E94F9A-2FCC-4D60-83C7-D3341A7088D6}.Release|Any CPU.ActiveCfg = Release|Any CPU
		{F6E94F9A-2FCC-4D60-83C7-D3341A7088D6}.Release|Any CPU.Build.0 = Release|Any CPU
	EndGlobalSection
	GlobalSection(SolutionProperties) = preSolution
		HideSolutionNode = FALSE
	EndGlobalSection
	GlobalSection(ExtensibilityGlobals) = postSolution
		SolutionGuid = {EA2A2BEB-DD5B-4986-B620-B593CAFBA409}
	EndGlobalSection
EndGlobal
